
Microsoft Visual Studio Solution File, Format Version 12.00
# Visual Studio 15
VisualStudioVersion = 15.0.28307.102
MinimumVisualStudioVersion = 10.0.40219.1
Project("{FAE04EC0-301F-11D3-BF4B-00C04F79EFBC}") = "Advent2018", "Advent2018\Advent2018.csproj", "{D9CCF1D4-29D0-407B-820F-38B125888F1C}"
EndProject
Global
	GlobalSection(Performance) = preSolution
		HasPerformanceSessions = true
	EndGlobalSection
	GlobalSection(SolutionConfigurationPlatforms) = preSolution
		Debug|Any CPU = Debug|Any CPU
		Release|Any CPU = Release|Any CPU
	EndGlobalSection
	GlobalSection(ProjectConfigurationPlatforms) = postSolution
		{D9CCF1D4-29D0-407B-820F-38B125888F1C}.Debug|Any CPU.ActiveCfg = Debug|Any CPU
		{D9CCF1D4-29D0-407B-820F-38B125888F1C}.Debug|Any CPU.Build.0 = Debug|Any CPU
		{D9CCF1D4-29D0-407B-820F-38B125888F1C}.Release|Any CPU.ActiveCfg = Release|Any CPU
		{D9CCF1D4-29D0-407B-820F-38B125888F1C}.Release|Any CPU.Build.0 = Release|Any CPU
	EndGlobalSection
	GlobalSection(SolutionProperties) = preSolution
		HideSolutionNode = FALSE
	EndGlobalSection
	GlobalSection(ExtensibilityGlobals) = postSolution
		SolutionGuid = {49B9D66D-6C11-4C3E-89C2-4947E7F19C3D}
	EndGlobalSection
EndGlobal
