
Microsoft Visual Studio Solution File, Format Version 12.00
# Visual Studio Version 16
VisualStudioVersion = 16.0.29613.14
MinimumVisualStudioVersion = 10.0.40219.1
Project("{FAE04EC0-301F-11D3-BF4B-00C04F79EFBC}") = "Advent2019", "Advent2019\Advent2019.csproj", "{9C03485E-79F3-4CFE-997C-5DA4B7347EB2}"
EndProject
Global
	GlobalSection(SolutionConfigurationPlatforms) = preSolution
		Debug|Any CPU = Debug|Any CPU
		Release|Any CPU = Release|Any CPU
	EndGlobalSection
	GlobalSection(ProjectConfigurationPlatforms) = postSolution
		{9C03485E-79F3-4CFE-997C-5DA4B7347EB2}.Debug|Any CPU.ActiveCfg = Debug|Any CPU
		{9C03485E-79F3-4CFE-997C-5DA4B7347EB2}.Debug|Any CPU.Build.0 = Debug|Any CPU
		{9C03485E-79F3-4CFE-997C-5DA4B7347EB2}.Release|Any CPU.ActiveCfg = Release|Any CPU
		{9C03485E-79F3-4CFE-997C-5DA4B7347EB2}.Release|Any CPU.Build.0 = Release|Any CPU
	EndGlobalSection
	GlobalSection(SolutionProperties) = preSolution
		HideSolutionNode = FALSE
	EndGlobalSection
	GlobalSection(ExtensibilityGlobals) = postSolution
		SolutionGuid = {592BD78E-B8AD-4581-866B-2A607B3F8775}
	EndGlobalSection
EndGlobal
